// !$*UTF8*$!
{
	archiveVersion = 1;
	classes = {
	};
	objectVersion = 56;
	objects = {

/* Begin PBXBuildFile section */
		850949FB2B4EE8A700A856C2 /* UserSettingsProtocol.swift in Sources */ = {isa = PBXBuildFile; fileRef = 850949FA2B4EE8A700A856C2 /* UserSettingsProtocol.swift */; };
		850949FD2B4EE8E500A856C2 /* UserDefaultsManager.swift in Sources */ = {isa = PBXBuildFile; fileRef = 850949FC2B4EE8E500A856C2 /* UserDefaultsManager.swift */; };
		8555976F2B47140D002909EB /* AppDelegate.swift in Sources */ = {isa = PBXBuildFile; fileRef = 8555976E2B47140D002909EB /* AppDelegate.swift */; };
		855597712B47140D002909EB /* SceneDelegate.swift in Sources */ = {isa = PBXBuildFile; fileRef = 855597702B47140D002909EB /* SceneDelegate.swift */; };
		855597782B47140F002909EB /* Assets.xcassets in Resources */ = {isa = PBXBuildFile; fileRef = 855597772B47140F002909EB /* Assets.xcassets */; };
		8555977B2B47140F002909EB /* LaunchScreen.storyboard in Resources */ = {isa = PBXBuildFile; fileRef = 855597792B47140F002909EB /* LaunchScreen.storyboard */; };
		855597832B471628002909EB /* TabBar.swift in Sources */ = {isa = PBXBuildFile; fileRef = 855597822B471628002909EB /* TabBar.swift */; };
		855597852B4716A8002909EB /* Main.swift in Sources */ = {isa = PBXBuildFile; fileRef = 855597842B4716A8002909EB /* Main.swift */; };
		855597872B47174B002909EB /* RemindersViewController.swift in Sources */ = {isa = PBXBuildFile; fileRef = 855597862B47174B002909EB /* RemindersViewController.swift */; };
		855597892B4717F8002909EB /* ReminderCell.swift in Sources */ = {isa = PBXBuildFile; fileRef = 855597882B4717F8002909EB /* ReminderCell.swift */; };
		8555978B2B4730E9002909EB /* MyAccount.swift in Sources */ = {isa = PBXBuildFile; fileRef = 8555978A2B4730E9002909EB /* MyAccount.swift */; };
		8555978F2B47F1CD002909EB /* RemindersPresenterProtocol.swift in Sources */ = {isa = PBXBuildFile; fileRef = 8555978E2B47F1CD002909EB /* RemindersPresenterProtocol.swift */; };
		855597932B47F3CF002909EB /* RemindersViewProtocol.swift in Sources */ = {isa = PBXBuildFile; fileRef = 855597922B47F3CF002909EB /* RemindersViewProtocol.swift */; };
		855597952B47F473002909EB /* RemindersPresenter.swift in Sources */ = {isa = PBXBuildFile; fileRef = 855597942B47F473002909EB /* RemindersPresenter.swift */; };
/* End PBXBuildFile section */

/* Begin PBXFileReference section */
		850949FA2B4EE8A700A856C2 /* UserSettingsProtocol.swift */ = {isa = PBXFileReference; lastKnownFileType = sourcecode.swift; path = UserSettingsProtocol.swift; sourceTree = "<group>"; };
		850949FC2B4EE8E500A856C2 /* UserDefaultsManager.swift */ = {isa = PBXFileReference; lastKnownFileType = sourcecode.swift; path = UserDefaultsManager.swift; sourceTree = "<group>"; };
		8555976B2B47140D002909EB /* WaterReminder.app */ = {isa = PBXFileReference; explicitFileType = wrapper.application; includeInIndex = 0; path = WaterReminder.app; sourceTree = BUILT_PRODUCTS_DIR; };
		8555976E2B47140D002909EB /* AppDelegate.swift */ = {isa = PBXFileReference; lastKnownFileType = sourcecode.swift; path = AppDelegate.swift; sourceTree = "<group>"; };
		855597702B47140D002909EB /* SceneDelegate.swift */ = {isa = PBXFileReference; lastKnownFileType = sourcecode.swift; path = SceneDelegate.swift; sourceTree = "<group>"; };
		855597772B47140F002909EB /* Assets.xcassets */ = {isa = PBXFileReference; lastKnownFileType = folder.assetcatalog; path = Assets.xcassets; sourceTree = "<group>"; };
		8555977A2B47140F002909EB /* Base */ = {isa = PBXFileReference; lastKnownFileType = file.storyboard; name = Base; path = Base.lproj/LaunchScreen.storyboard; sourceTree = "<group>"; };
		8555977C2B47140F002909EB /* Info.plist */ = {isa = PBXFileReference; lastKnownFileType = text.plist.xml; path = Info.plist; sourceTree = "<group>"; };
		855597822B471628002909EB /* TabBar.swift */ = {isa = PBXFileReference; lastKnownFileType = sourcecode.swift; path = TabBar.swift; sourceTree = "<group>"; };
		855597842B4716A8002909EB /* Main.swift */ = {isa = PBXFileReference; lastKnownFileType = sourcecode.swift; path = Main.swift; sourceTree = "<group>"; };
		855597862B47174B002909EB /* RemindersViewController.swift */ = {isa = PBXFileReference; lastKnownFileType = sourcecode.swift; path = RemindersViewController.swift; sourceTree = "<group>"; };
		855597882B4717F8002909EB /* ReminderCell.swift */ = {isa = PBXFileReference; lastKnownFileType = sourcecode.swift; path = ReminderCell.swift; sourceTree = "<group>"; };
		8555978A2B4730E9002909EB /* MyAccount.swift */ = {isa = PBXFileReference; lastKnownFileType = sourcecode.swift; path = MyAccount.swift; sourceTree = "<group>"; };
		8555978E2B47F1CD002909EB /* RemindersPresenterProtocol.swift */ = {isa = PBXFileReference; lastKnownFileType = sourcecode.swift; path = RemindersPresenterProtocol.swift; sourceTree = "<group>"; };
		855597922B47F3CF002909EB /* RemindersViewProtocol.swift */ = {isa = PBXFileReference; lastKnownFileType = sourcecode.swift; path = RemindersViewProtocol.swift; sourceTree = "<group>"; };
		855597942B47F473002909EB /* RemindersPresenter.swift */ = {isa = PBXFileReference; lastKnownFileType = sourcecode.swift; path = RemindersPresenter.swift; sourceTree = "<group>"; };
/* End PBXFileReference section */

/* Begin PBXFrameworksBuildPhase section */
		855597682B47140D002909EB /* Frameworks */ = {
			isa = PBXFrameworksBuildPhase;
			buildActionMask = 2147483647;
			files = (
			);
			runOnlyForDeploymentPostprocessing = 0;
		};
/* End PBXFrameworksBuildPhase section */

/* Begin PBXGroup section */
		855597622B47140D002909EB = {
			isa = PBXGroup;
			children = (
				8555976D2B47140D002909EB /* WaterReminder */,
				8555976C2B47140D002909EB /* Products */,
			);
			sourceTree = "<group>";
		};
		8555976C2B47140D002909EB /* Products */ = {
			isa = PBXGroup;
			children = (
				8555976B2B47140D002909EB /* WaterReminder.app */,
			);
			name = Products;
			sourceTree = "<group>";
		};
		8555976D2B47140D002909EB /* WaterReminder */ = {
			isa = PBXGroup;
			children = (
				855597912B47F20F002909EB /* Reminders */,
				8555977C2B47140F002909EB /* Info.plist */,
				855597822B471628002909EB /* TabBar.swift */,
				855597842B4716A8002909EB /* Main.swift */,
				8555978A2B4730E9002909EB /* MyAccount.swift */,
				8555978D2B475193002909EB /* Supporting Files */,
			);
			path = WaterReminder;
			sourceTree = "<group>";
		};
		8555978C2B475178002909EB /* Delegates */ = {
			isa = PBXGroup;
			children = (
				855597772B47140F002909EB /* Assets.xcassets */,
				8555976E2B47140D002909EB /* AppDelegate.swift */,
				855597702B47140D002909EB /* SceneDelegate.swift */,
				855597792B47140F002909EB /* LaunchScreen.storyboard */,
			);
			path = Delegates;
			sourceTree = "<group>";
		};
		8555978D2B475193002909EB /* Supporting Files */ = {
			isa = PBXGroup;
			children = (
				8555978C2B475178002909EB /* Delegates */,
			);
			path = "Supporting Files";
			sourceTree = "<group>";
		};
		855597912B47F20F002909EB /* Reminders */ = {
			isa = PBXGroup;
			children = (
				855597862B47174B002909EB /* RemindersViewController.swift */,
				855597882B4717F8002909EB /* ReminderCell.swift */,
				8555978E2B47F1CD002909EB /* RemindersPresenterProtocol.swift */,
				855597922B47F3CF002909EB /* RemindersViewProtocol.swift */,
				855597942B47F473002909EB /* RemindersPresenter.swift */,
				850949FA2B4EE8A700A856C2 /* UserSettingsProtocol.swift */,
				850949FC2B4EE8E500A856C2 /* UserDefaultsManager.swift */,
			);
			path = Reminders;
			sourceTree = "<group>";
		};
/* End PBXGroup section */

/* Begin PBXNativeTarget section */
		8555976A2B47140D002909EB /* WaterReminder */ = {
			isa = PBXNativeTarget;
			buildConfigurationList = 8555977F2B47140F002909EB /* Build configuration list for PBXNativeTarget "WaterReminder" */;
			buildPhases = (
				855597672B47140D002909EB /* Sources */,
				855597682B47140D002909EB /* Frameworks */,
				855597692B47140D002909EB /* Resources */,
			);
			buildRules = (
			);
			dependencies = (
			);
			name = WaterReminder;
			productName = WaterReminder;
			productReference = 8555976B2B47140D002909EB /* WaterReminder.app */;
			productType = "com.apple.product-type.application";
		};
/* End PBXNativeTarget section */

/* Begin PBXProject section */
		855597632B47140D002909EB /* Project object */ = {
			isa = PBXProject;
			attributes = {
				BuildIndependentTargetsInParallel = 1;
				LastSwiftUpdateCheck = 1510;
				LastUpgradeCheck = 1510;
				TargetAttributes = {
					8555976A2B47140D002909EB = {
						CreatedOnToolsVersion = 15.1;
					};
				};
			};
			buildConfigurationList = 855597662B47140D002909EB /* Build configuration list for PBXProject "WaterReminder" */;
			compatibilityVersion = "Xcode 14.0";
			developmentRegion = en;
			hasScannedForEncodings = 0;
			knownRegions = (
				en,
				Base,
			);
			mainGroup = 855597622B47140D002909EB;
			productRefGroup = 8555976C2B47140D002909EB /* Products */;
			projectDirPath = "";
			projectRoot = "";
			targets = (
				8555976A2B47140D002909EB /* WaterReminder */,
			);
		};
/* End PBXProject section */

/* Begin PBXResourcesBuildPhase section */
		855597692B47140D002909EB /* Resources */ = {
			isa = PBXResourcesBuildPhase;
			buildActionMask = 2147483647;
			files = (
				8555977B2B47140F002909EB /* LaunchScreen.storyboard in Resources */,
				855597782B47140F002909EB /* Assets.xcassets in Resources */,
			);
			runOnlyForDeploymentPostprocessing = 0;
		};
/* End PBXResourcesBuildPhase section */

/* Begin PBXSourcesBuildPhase section */
		855597672B47140D002909EB /* Sources */ = {
			isa = PBXSourcesBuildPhase;
			buildActionMask = 2147483647;
			files = (
				855597872B47174B002909EB /* RemindersViewController.swift in Sources */,
				855597892B4717F8002909EB /* ReminderCell.swift in Sources */,
				850949FD2B4EE8E500A856C2 /* UserDefaultsManager.swift in Sources */,
				855597932B47F3CF002909EB /* RemindersViewProtocol.swift in Sources */,
				8555978B2B4730E9002909EB /* MyAccount.swift in Sources */,
				855597952B47F473002909EB /* RemindersPresenter.swift in Sources */,
				855597832B471628002909EB /* TabBar.swift in Sources */,
				8555978F2B47F1CD002909EB /* RemindersPresenterProtocol.swift in Sources */,
				8555976F2B47140D002909EB /* AppDelegate.swift in Sources */,
				855597852B4716A8002909EB /* Main.swift in Sources */,
				855597712B47140D002909EB /* SceneDelegate.swift in Sources */,
				850949FB2B4EE8A700A856C2 /* UserSettingsProtocol.swift in Sources */,
			);
			runOnlyForDeploymentPostprocessing = 0;
		};
/* End PBXSourcesBuildPhase section */

/* Begin PBXVariantGroup section */
		855597792B47140F002909EB /* LaunchScreen.storyboard */ = {
			isa = PBXVariantGroup;
			children = (
				8555977A2B47140F002909EB /* Base */,
			);
			name = LaunchScreen.storyboard;
			sourceTree = "<group>";
		};
/* End PBXVariantGroup section */

/* Begin XCBuildConfiguration section */
		8555977D2B47140F002909EB /* Debug */ = {
			isa = XCBuildConfiguration;
			buildSettings = {
				ALWAYS_SEARCH_USER_PATHS = NO;
				ASSETCATALOG_COMPILER_GENERATE_SWIFT_ASSET_SYMBOL_EXTENSIONS = YES;
				CLANG_ANALYZER_NONNULL = YES;
				CLANG_ANALYZER_NUMBER_OBJECT_CONVERSION = YES_AGGRESSIVE;
				CLANG_CXX_LANGUAGE_STANDARD = "gnu++20";
				CLANG_ENABLE_MODULES = YES;
				CLANG_ENABLE_OBJC_ARC = YES;
				CLANG_ENABLE_OBJC_WEAK = YES;
				CLANG_WARN_BLOCK_CAPTURE_AUTORELEASING = YES;
				CLANG_WARN_BOOL_CONVERSION = YES;
				CLANG_WARN_COMMA = YES;
				CLANG_WARN_CONSTANT_CONVERSION = YES;
				CLANG_WARN_DEPRECATED_OBJC_IMPLEMENTATIONS = YES;
				CLANG_WARN_DIRECT_OBJC_ISA_USAGE = YES_ERROR;
				CLANG_WARN_DOCUMENTATION_COMMENTS = YES;
				CLANG_WARN_EMPTY_BODY = YES;
				CLANG_WARN_ENUM_CONVERSION = YES;
				CLANG_WARN_INFINITE_RECURSION = YES;
				CLANG_WARN_INT_CONVERSION = YES;
				CLANG_WARN_NON_LITERAL_NULL_CONVERSION = YES;
				CLANG_WARN_OBJC_IMPLICIT_RETAIN_SELF = YES;
				CLANG_WARN_OBJC_LITERAL_CONVERSION = YES;
				CLANG_WARN_OBJC_ROOT_CLASS = YES_ERROR;
				CLANG_WARN_QUOTED_INCLUDE_IN_FRAMEWORK_HEADER = YES;
				CLANG_WARN_RANGE_LOOP_ANALYSIS = YES;
				CLANG_WARN_STRICT_PROTOTYPES = YES;
				CLANG_WARN_SUSPICIOUS_MOVE = YES;
				CLANG_WARN_UNGUARDED_AVAILABILITY = YES_AGGRESSIVE;
				CLANG_WARN_UNREACHABLE_CODE = YES;
				CLANG_WARN__DUPLICATE_METHOD_MATCH = YES;
				COPY_PHASE_STRIP = NO;
				DEBUG_INFORMATION_FORMAT = dwarf;
				ENABLE_STRICT_OBJC_MSGSEND = YES;
				ENABLE_TESTABILITY = YES;
				ENABLE_USER_SCRIPT_SANDBOXING = YES;
				GCC_C_LANGUAGE_STANDARD = gnu17;
				GCC_DYNAMIC_NO_PIC = NO;
				GCC_NO_COMMON_BLOCKS = YES;
				GCC_OPTIMIZATION_LEVEL = 0;
				GCC_PREPROCESSOR_DEFINITIONS = (
					"DEBUG=1",
					"$(inherited)",
				);
				GCC_WARN_64_TO_32_BIT_CONVERSION = YES;
				GCC_WARN_ABOUT_RETURN_TYPE = YES_ERROR;
				GCC_WARN_UNDECLARED_SELECTOR = YES;
				GCC_WARN_UNINITIALIZED_AUTOS = YES_AGGRESSIVE;
				GCC_WARN_UNUSED_FUNCTION = YES;
				GCC_WARN_UNUSED_VARIABLE = YES;
				IPHONEOS_DEPLOYMENT_TARGET = 17.2;
				LOCALIZATION_PREFERS_STRING_CATALOGS = YES;
				MTL_ENABLE_DEBUG_INFO = INCLUDE_SOURCE;
				MTL_FAST_MATH = YES;
				ONLY_ACTIVE_ARCH = YES;
				SDKROOT = iphoneos;
				SWIFT_ACTIVE_COMPILATION_CONDITIONS = "DEBUG $(inherited)";
				SWIFT_OPTIMIZATION_LEVEL = "-Onone";
			};
			name = Debug;
		};
		8555977E2B47140F002909EB /* Release */ = {
			isa = XCBuildConfiguration;
			buildSettings = {
				ALWAYS_SEARCH_USER_PATHS = NO;
				ASSETCATALOG_COMPILER_GENERATE_SWIFT_ASSET_SYMBOL_EXTENSIONS = YES;
				CLANG_ANALYZER_NONNULL = YES;
				CLANG_ANALYZER_NUMBER_OBJECT_CONVERSION = YES_AGGRESSIVE;
				CLANG_CXX_LANGUAGE_STANDARD = "gnu++20";
				CLANG_ENABLE_MODULES = YES;
				CLANG_ENABLE_OBJC_ARC = YES;
				CLANG_ENABLE_OBJC_WEAK = YES;
				CLANG_WARN_BLOCK_CAPTURE_AUTORELEASING = YES;
				CLANG_WARN_BOOL_CONVERSION = YES;
				CLANG_WARN_COMMA = YES;
				CLANG_WARN_CONSTANT_CONVERSION = YES;
				CLANG_WARN_DEPRECATED_OBJC_IMPLEMENTATIONS = YES;
				CLANG_WARN_DIRECT_OBJC_ISA_USAGE = YES_ERROR;
				CLANG_WARN_DOCUMENTATION_COMMENTS = YES;
				CLANG_WARN_EMPTY_BODY = YES;
				CLANG_WARN_ENUM_CONVERSION = YES;
				CLANG_WARN_INFINITE_RECURSION = YES;
				CLANG_WARN_INT_CONVERSION = YES;
				CLANG_WARN_NON_LITERAL_NULL_CONVERSION = YES;
				CLANG_WARN_OBJC_IMPLICIT_RETAIN_SELF = YES;
				CLANG_WARN_OBJC_LITERAL_CONVERSION = YES;
				CLANG_WARN_OBJC_ROOT_CLASS = YES_ERROR;
				CLANG_WARN_QUOTED_INCLUDE_IN_FRAMEWORK_HEADER = YES;
				CLANG_WARN_RANGE_LOOP_ANALYSIS = YES;
				CLANG_WARN_STRICT_PROTOTYPES = YES;
				CLANG_WARN_SUSPICIOUS_MOVE = YES;
				CLANG_WARN_UNGUARDED_AVAILABILITY = YES_AGGRESSIVE;
				CLANG_WARN_UNREACHABLE_CODE = YES;
				CLANG_WARN__DUPLICATE_METHOD_MATCH = YES;
				COPY_PHASE_STRIP = NO;
				DEBUG_INFORMATION_FORMAT = "dwarf-with-dsym";
				ENABLE_NS_ASSERTIONS = NO;
				ENABLE_STRICT_OBJC_MSGSEND = YES;
				ENABLE_USER_SCRIPT_SANDBOXING = YES;
				GCC_C_LANGUAGE_STANDARD = gnu17;
				GCC_NO_COMMON_BLOCKS = YES;
				GCC_WARN_64_TO_32_BIT_CONVERSION = YES;
				GCC_WARN_ABOUT_RETURN_TYPE = YES_ERROR;
				GCC_WARN_UNDECLARED_SELECTOR = YES;
				GCC_WARN_UNINITIALIZED_AUTOS = YES_AGGRESSIVE;
				GCC_WARN_UNUSED_FUNCTION = YES;
				GCC_WARN_UNUSED_VARIABLE = YES;
				IPHONEOS_DEPLOYMENT_TARGET = 17.2;
				LOCALIZATION_PREFERS_STRING_CATALOGS = YES;
				MTL_ENABLE_DEBUG_INFO = NO;
				MTL_FAST_MATH = YES;
				SDKROOT = iphoneos;
				SWIFT_COMPILATION_MODE = wholemodule;
				VALIDATE_PRODUCT = YES;
			};
			name = Release;
		};
		855597802B47140F002909EB /* Debug */ = {
			isa = XCBuildConfiguration;
			buildSettings = {
				ASSETCATALOG_COMPILER_APPICON_NAME = AppIcon;
				ASSETCATALOG_COMPILER_GLOBAL_ACCENT_COLOR_NAME = AccentColor;
				CODE_SIGN_STYLE = Automatic;
				CURRENT_PROJECT_VERSION = 1;
				DEVELOPMENT_TEAM = K58CCQ4TCZ;
				GENERATE_INFOPLIST_FILE = YES;
				INFOPLIST_FILE = WaterReminder/Info.plist;
				INFOPLIST_KEY_UIApplicationSupportsIndirectInputEvents = YES;
				INFOPLIST_KEY_UILaunchStoryboardName = LaunchScreen;
				INFOPLIST_KEY_UISupportedInterfaceOrientations_iPad = "UIInterfaceOrientationPortrait UIInterfaceOrientationPortraitUpsideDown UIInterfaceOrientationLandscapeLeft UIInterfaceOrientationLandscapeRight";
				INFOPLIST_KEY_UISupportedInterfaceOrientations_iPhone = "UIInterfaceOrientationPortrait UIInterfaceOrientationLandscapeLeft UIInterfaceOrientationLandscapeRight";
				LD_RUNPATH_SEARCH_PATHS = (
					"$(inherited)",
					"@executable_path/Frameworks",
				);
				MARKETING_VERSION = 1.0;
				PRODUCT_BUNDLE_IDENTIFIER = com.uliana.WaterReminder;
				PRODUCT_NAME = "$(TARGET_NAME)";
				SWIFT_EMIT_LOC_STRINGS = YES;
				SWIFT_VERSION = 5.0;
				TARGETED_DEVICE_FAMILY = "1,2";
			};
			name = Debug;
		};
		855597812B47140F002909EB /* Release */ = {
			isa = XCBuildConfiguration;
			buildSettings = {
				ASSETCATALOG_COMPILER_APPICON_NAME = AppIcon;
				ASSETCATALOG_COMPILER_GLOBAL_ACCENT_COLOR_NAME = AccentColor;
				CODE_SIGN_STYLE = Automatic;
				CURRENT_PROJECT_VERSION = 1;
				DEVELOPMENT_TEAM = K58CCQ4TCZ;
				GENERATE_INFOPLIST_FILE = YES;
				INFOPLIST_FILE = WaterReminder/Info.plist;
				INFOPLIST_KEY_UIApplicationSupportsIndirectInputEvents = YES;
				INFOPLIST_KEY_UILaunchStoryboardName = LaunchScreen;
				INFOPLIST_KEY_UISupportedInterfaceOrientations_iPad = "UIInterfaceOrientationPortrait UIInterfaceOrientationPortraitUpsideDown UIInterfaceOrientationLandscapeLeft UIInterfaceOrientationLandscapeRight";
				INFOPLIST_KEY_UISupportedInterfaceOrientations_iPhone = "UIInterfaceOrientationPortrait UIInterfaceOrientationLandscapeLeft UIInterfaceOrientationLandscapeRight";
				LD_RUNPATH_SEARCH_PATHS = (
					"$(inherited)",
					"@executable_path/Frameworks",
				);
				MARKETING_VERSION = 1.0;
				PRODUCT_BUNDLE_IDENTIFIER = com.uliana.WaterReminder;
				PRODUCT_NAME = "$(TARGET_NAME)";
				SWIFT_EMIT_LOC_STRINGS = YES;
				SWIFT_VERSION = 5.0;
				TARGETED_DEVICE_FAMILY = "1,2";
			};
			name = Release;
		};
/* End XCBuildConfiguration section */

/* Begin XCConfigurationList section */
		855597662B47140D002909EB /* Build configuration list for PBXProject "WaterReminder" */ = {
			isa = XCConfigurationList;
			buildConfigurations = (
				8555977D2B47140F002909EB /* Debug */,
				8555977E2B47140F002909EB /* Release */,
			);
			defaultConfigurationIsVisible = 0;
			defaultConfigurationName = Release;
		};
		8555977F2B47140F002909EB /* Build configuration list for PBXNativeTarget "WaterReminder" */ = {
			isa = XCConfigurationList;
			buildConfigurations = (
				855597802B47140F002909EB /* Debug */,
				855597812B47140F002909EB /* Release */,
			);
			defaultConfigurationIsVisible = 0;
			defaultConfigurationName = Release;
		};
/* End XCConfigurationList section */
	};
	rootObject = 855597632B47140D002909EB /* Project object */;
}
